// !$*UTF8*$!
{
	archiveVersion = 1;
	classes = {
	};
	objectVersion = 46;
	objects = {

/* Begin PBXBuildFile section */
		C639D4E41AAEE70800A8A987 /* main.c in Sources */ = {isa = PBXBuildFile; fileRef = C639D4E31AAEE70800A8A987 /* main.c */; };
		C639D4EC1AAEEBE700A8A987 /* IntHolder.c in Sources */ = {isa = PBXBuildFile; fileRef = C639D4EA1AAEEBE700A8A987 /* IntHolder.c */; };
		C639D4EF1AAEECA400A8A987 /* NumberCruncher.c in Sources */ = {isa = PBXBuildFile; fileRef = C639D4ED1AAEECA400A8A987 /* NumberCruncher.c */; };
		C639D4F21AAEECC800A8A987 /* SingleLinkedLIst.c in Sources */ = {isa = PBXBuildFile; fileRef = C639D4F01AAEECC800A8A987 /* SingleLinkedLIst.c */; };
/* End PBXBuildFile section */

/* Begin PBXCopyFilesBuildPhase section */
		C639D4DE1AAEE70800A8A987 /* CopyFiles */ = {
			isa = PBXCopyFilesBuildPhase;
			buildActionMask = 2147483647;
			dstPath = /usr/share/man/man1/;
			dstSubfolderSpec = 0;
			files = (
			);
			runOnlyForDeploymentPostprocessing = 1;
		};
/* End PBXCopyFilesBuildPhase section */

/* Begin PBXFileReference section */
		C639D4E01AAEE70800A8A987 /* PointMeDown */ = {isa = PBXFileReference; explicitFileType = "compiled.mach-o.executable"; includeInIndex = 0; path = PointMeDown; sourceTree = BUILT_PRODUCTS_DIR; };
		C639D4E31AAEE70800A8A987 /* main.c */ = {isa = PBXFileReference; lastKnownFileType = sourcecode.c.c; path = main.c; sourceTree = "<group>"; };
		C639D4EA1AAEEBE700A8A987 /* IntHolder.c */ = {isa = PBXFileReference; fileEncoding = 4; lastKnownFileType = sourcecode.c.c; path = IntHolder.c; sourceTree = "<group>"; };
		C639D4EB1AAEEBE700A8A987 /* IntHolder.h */ = {isa = PBXFileReference; fileEncoding = 4; lastKnownFileType = sourcecode.c.h; path = IntHolder.h; sourceTree = "<group>"; };
		C639D4ED1AAEECA400A8A987 /* NumberCruncher.c */ = {isa = PBXFileReference; fileEncoding = 4; lastKnownFileType = sourcecode.c.c; path = NumberCruncher.c; sourceTree = "<group>"; };
		C639D4EE1AAEECA400A8A987 /* NumberCruncher.h */ = {isa = PBXFileReference; fileEncoding = 4; lastKnownFileType = sourcecode.c.h; path = NumberCruncher.h; sourceTree = "<group>"; };
		C639D4F01AAEECC800A8A987 /* SingleLinkedLIst.c */ = {isa = PBXFileReference; fileEncoding = 4; lastKnownFileType = sourcecode.c.c; path = SingleLinkedLIst.c; sourceTree = "<group>"; };
		C639D4F11AAEECC800A8A987 /* SingleLinkedLIst.h */ = {isa = PBXFileReference; fileEncoding = 4; lastKnownFileType = sourcecode.c.h; path = SingleLinkedLIst.h; sourceTree = "<group>"; };
/* End PBXFileReference section */

/* Begin PBXFrameworksBuildPhase section */
		C639D4DD1AAEE70800A8A987 /* Frameworks */ = {
			isa = PBXFrameworksBuildPhase;
			buildActionMask = 2147483647;
			files = (
			);
			runOnlyForDeploymentPostprocessing = 0;
		};
/* End PBXFrameworksBuildPhase section */

/* Begin PBXGroup section */
		C639D4D71AAEE70800A8A987 = {
			isa = PBXGroup;
			children = (
				C639D4E21AAEE70800A8A987 /* PointMeDown */,
				C639D4E11AAEE70800A8A987 /* Products */,
			);
			sourceTree = "<group>";
		};
		C639D4E11AAEE70800A8A987 /* Products */ = {
			isa = PBXGroup;
			children = (
				C639D4E01AAEE70800A8A987 /* PointMeDown */,
			);
			name = Products;
			sourceTree = "<group>";
		};
		C639D4E21AAEE70800A8A987 /* PointMeDown */ = {
			isa = PBXGroup;
			children = (
				C639D4E31AAEE70800A8A987 /* main.c */,
				C639D4ED1AAEECA400A8A987 /* NumberCruncher.c */,
				C639D4EE1AAEECA400A8A987 /* NumberCruncher.h */,
				C639D4F01AAEECC800A8A987 /* SingleLinkedLIst.c */,
				C639D4F11AAEECC800A8A987 /* SingleLinkedLIst.h */,
				C639D4EA1AAEEBE700A8A987 /* IntHolder.c */,
				C639D4EB1AAEEBE700A8A987 /* IntHolder.h */,
			);
			path = PointMeDown;
			sourceTree = "<group>";
		};
/* End PBXGroup section */

/* Begin PBXNativeTarget section */
		C639D4DF1AAEE70800A8A987 /* PointMeDown */ = {
			isa = PBXNativeTarget;
			buildConfigurationList = C639D4E71AAEE70800A8A987 /* Build configuration list for PBXNativeTarget "PointMeDown" */;
			buildPhases = (
				C639D4DC1AAEE70800A8A987 /* Sources */,
				C639D4DD1AAEE70800A8A987 /* Frameworks */,
				C639D4DE1AAEE70800A8A987 /* CopyFiles */,
			);
			buildRules = (
			);
			dependencies = (
			);
			name = PointMeDown;
			productName = PointMeDown;
			productReference = C639D4E01AAEE70800A8A987 /* PointMeDown */;
			productType = "com.apple.product-type.tool";
		};
/* End PBXNativeTarget section */

/* Begin PBXProject section */
		C639D4D81AAEE70800A8A987 /* Project object */ = {
			isa = PBXProject;
			attributes = {
				LastUpgradeCheck = 0610;
				ORGANIZATIONNAME = "Martin Nash";
				TargetAttributes = {
					C639D4DF1AAEE70800A8A987 = {
						CreatedOnToolsVersion = 6.1.1;
					};
				};
			};
			buildConfigurationList = C639D4DB1AAEE70800A8A987 /* Build configuration list for PBXProject "PointMeDown" */;
			compatibilityVersion = "Xcode 3.2";
			developmentRegion = English;
			hasScannedForEncodings = 0;
			knownRegions = (
				en,
			);
			mainGroup = C639D4D71AAEE70800A8A987;
			productRefGroup = C639D4E11AAEE70800A8A987 /* Products */;
			projectDirPath = "";
			projectRoot = "";
			targets = (
				C639D4DF1AAEE70800A8A987 /* PointMeDown */,
			);
		};
/* End PBXProject section */

/* Begin PBXSourcesBuildPhase section */
		C639D4DC1AAEE70800A8A987 /* Sources */ = {
			isa = PBXSourcesBuildPhase;
			buildActionMask = 2147483647;
			files = (
				C639D4F21AAEECC800A8A987 /* SingleLinkedLIst.c in Sources */,
				C639D4E41AAEE70800A8A987 /* main.c in Sources */,
				C639D4EF1AAEECA400A8A987 /* NumberCruncher.c in Sources */,
				C639D4EC1AAEEBE700A8A987 /* IntHolder.c in Sources */,
			);
			runOnlyForDeploymentPostprocessing = 0;
		};
/* End PBXSourcesBuildPhase section */

/* Begin XCBuildConfiguration section */
		C639D4E51AAEE70800A8A987 /* Debug */ = {
			isa = XCBuildConfiguration;
			buildSettings = {
				ALWAYS_SEARCH_USER_PATHS = NO;
				CLANG_CXX_LANGUAGE_STANDARD = "gnu++0x";
				CLANG_CXX_LIBRARY = "libc++";
				CLANG_ENABLE_MODULES = YES;
				CLANG_ENABLE_OBJC_ARC = YES;
				CLANG_WARN_BOOL_CONVERSION = YES;
				CLANG_WARN_CONSTANT_CONVERSION = YES;
				CLANG_WARN_DIRECT_OBJC_ISA_USAGE = YES_ERROR;
				CLANG_WARN_EMPTY_BODY = YES;
				CLANG_WARN_ENUM_CONVERSION = YES;
				CLANG_WARN_INT_CONVERSION = YES;
				CLANG_WARN_OBJC_ROOT_CLASS = YES_ERROR;
				CLANG_WARN_UNREACHABLE_CODE = YES;
				CLANG_WARN__DUPLICATE_METHOD_MATCH = YES;
				COPY_PHASE_STRIP = NO;
				ENABLE_STRICT_OBJC_MSGSEND = YES;
				GCC_C_LANGUAGE_STANDARD = gnu99;
				GCC_DYNAMIC_NO_PIC = NO;
				GCC_OPTIMIZATION_LEVEL = 0;
				GCC_PREPROCESSOR_DEFINITIONS = (
					"DEBUG=1",
					"$(inherited)",
				);
				GCC_SYMBOLS_PRIVATE_EXTERN = NO;
				GCC_WARN_64_TO_32_BIT_CONVERSION = YES;
				GCC_WARN_ABOUT_RETURN_TYPE = YES_ERROR;
				GCC_WARN_UNDECLARED_SELECTOR = YES;
				GCC_WARN_UNINITIALIZED_AUTOS = YES_AGGRESSIVE;
				GCC_WARN_UNUSED_FUNCTION = YES;
				GCC_WARN_UNUSED_VARIABLE = YES;
				MACOSX_DEPLOYMENT_TARGET = 10.10;
				MTL_ENABLE_DEBUG_INFO = YES;
				ONLY_ACTIVE_ARCH = YES;
				SDKROOT = macosx;
			};
			name = Debug;
		};
		C639D4E61AAEE70800A8A987 /* Release */ = {
			isa = XCBuildConfiguration;
			buildSettings = {
				ALWAYS_SEARCH_USER_PATHS = NO;
				CLANG_CXX_LANGUAGE_STANDARD = "gnu++0x";
				CLANG_CXX_LIBRARY = "libc++";
				CLANG_ENABLE_MODULES = YES;
				CLANG_ENABLE_OBJC_ARC = YES;
				CLANG_WARN_BOOL_CONVERSION = YES;
				CLANG_WARN_CONSTANT_CONVERSION = YES;
				CLANG_WARN_DIRECT_OBJC_ISA_USAGE = YES_ERROR;
				CLANG_WARN_EMPTY_BODY = YES;
				CLANG_WARN_ENUM_CONVERSION = YES;
				CLANG_WARN_INT_CONVERSION = YES;
				CLANG_WARN_OBJC_ROOT_CLASS = YES_ERROR;
				CLANG_WARN_UNREACHABLE_CODE = YES;
				CLANG_WARN__DUPLICATE_METHOD_MATCH = YES;
				COPY_PHASE_STRIP = YES;
				DEBUG_INFORMATION_FORMAT = "dwarf-with-dsym";
				ENABLE_NS_ASSERTIONS = NO;
				ENABLE_STRICT_OBJC_MSGSEND = YES;
				GCC_C_LANGUAGE_STANDARD = gnu99;
				GCC_WARN_64_TO_32_BIT_CONVERSION = YES;
				GCC_WARN_ABOUT_RETURN_TYPE = YES_ERROR;
				GCC_WARN_UNDECLARED_SELECTOR = YES;
				GCC_WARN_UNINITIALIZED_AUTOS = YES_AGGRESSIVE;
				GCC_WARN_UNUSED_FUNCTION = YES;
				GCC_WARN_UNUSED_VARIABLE = YES;
				MACOSX_DEPLOYMENT_TARGET = 10.10;
				MTL_ENABLE_DEBUG_INFO = NO;
				SDKROOT = macosx;
			};
			name = Release;
		};
		C639D4E81AAEE70800A8A987 /* Debug */ = {
			isa = XCBuildConfiguration;
			buildSettings = {
				PRODUCT_NAME = "$(TARGET_NAME)";
			};
			name = Debug;
		};
		C639D4E91AAEE70800A8A987 /* Release */ = {
			isa = XCBuildConfiguration;
			buildSettings = {
				PRODUCT_NAME = "$(TARGET_NAME)";
			};
			name = Release;
		};
/* End XCBuildConfiguration section */

/* Begin XCConfigurationList section */
		C639D4DB1AAEE70800A8A987 /* Build configuration list for PBXProject "PointMeDown" */ = {
			isa = XCConfigurationList;
			buildConfigurations = (
				C639D4E51AAEE70800A8A987 /* Debug */,
				C639D4E61AAEE70800A8A987 /* Release */,
			);
			defaultConfigurationIsVisible = 0;
			defaultConfigurationName = Release;
		};
		C639D4E71AAEE70800A8A987 /* Build configuration list for PBXNativeTarget "PointMeDown" */ = {
			isa = XCConfigurationList;
			buildConfigurations = (
				C639D4E81AAEE70800A8A987 /* Debug */,
				C639D4E91AAEE70800A8A987 /* Release */,
			);
			defaultConfigurationIsVisible = 0;
		};
/* End XCConfigurationList section */
	};
	rootObject = C639D4D81AAEE70800A8A987 /* Project object */;
}
